
Microsoft Visual Studio Solution File, Format Version 12.00
# Visual Studio Version 17
VisualStudioVersion = 17.2.32630.192
MinimumVisualStudioVersion = 10.0.40219.1
Project("{FAE04EC0-301F-11D3-BF4B-00C04F79EFBC}") = "MediaPlayer", "MediaPlayer\MediaPlayer.csproj", "{78572DA5-E97B-4E23-924D-828F32208D0B}"
EndProject
Global
	GlobalSection(SolutionConfigurationPlatforms) = preSolution
		Debug|Any CPU = Debug|Any CPU
		Release|Any CPU = Release|Any CPU
	EndGlobalSection
	GlobalSection(ProjectConfigurationPlatforms) = postSolution
		{78572DA5-E97B-4E23-924D-828F32208D0B}.Debug|Any CPU.ActiveCfg = Debug|Any CPU
		{78572DA5-E97B-4E23-924D-828F32208D0B}.Debug|Any CPU.Build.0 = Debug|Any CPU
		{78572DA5-E97B-4E23-924D-828F32208D0B}.Release|Any CPU.ActiveCfg = Release|Any CPU
		{78572DA5-E97B-4E23-924D-828F32208D0B}.Release|Any CPU.Build.0 = Release|Any CPU
	EndGlobalSection
	GlobalSection(SolutionProperties) = preSolution
		HideSolutionNode = FALSE
	EndGlobalSection
	GlobalSection(ExtensibilityGlobals) = postSolution
		SolutionGuid = {88F6531B-EC86-4A4F-A046-C451FE0CA382}
	EndGlobalSection
EndGlobal
